// !$*UTF8*$!
{
	archiveVersion = 1;
	classes = {
	};
	objectVersion = 56;
	objects = {

/* Begin PBXBuildFile section */
		1815A30F2BDB7D06002D9831 /* LocationDataManager.swift in Sources */ = {isa = PBXBuildFile; fileRef = 1815A30E2BDB7D06002D9831 /* LocationDataManager.swift */; };
		18375B6F2BD8E2180017414E /* EarthquakeDetail.swift in Sources */ = {isa = PBXBuildFile; fileRef = 18375B6E2BD8E2180017414E /* EarthquakeDetail.swift */; };
		18375B712BD8FFD40017414E /* EarthquakeRow.swift in Sources */ = {isa = PBXBuildFile; fileRef = 18375B702BD8FFD40017414E /* EarthquakeRow.swift */; };
		18750DAF2BD80C9B00D6876C /* gandizhenApp.swift in Sources */ = {isa = PBXBuildFile; fileRef = 18750DAE2BD80C9B00D6876C /* gandizhenApp.swift */; };
		18750DB12BD80C9B00D6876C /* ContentView.swift in Sources */ = {isa = PBXBuildFile; fileRef = 18750DB02BD80C9B00D6876C /* ContentView.swift */; };
		18750DB32BD80C9C00D6876C /* Assets.xcassets in Resources */ = {isa = PBXBuildFile; fileRef = 18750DB22BD80C9C00D6876C /* Assets.xcassets */; };
		18750DB62BD80C9C00D6876C /* Preview Assets.xcassets in Resources */ = {isa = PBXBuildFile; fileRef = 18750DB52BD80C9C00D6876C /* Preview Assets.xcassets */; };
		18750DC12BD8132A00D6876C /* CurrentView.swift in Sources */ = {isa = PBXBuildFile; fileRef = 18750DC02BD8132A00D6876C /* CurrentView.swift */; };
		18750DC32BD8133C00D6876C /* HistoryVIew.swift in Sources */ = {isa = PBXBuildFile; fileRef = 18750DC22BD8133C00D6876C /* HistoryVIew.swift */; };
		18750DC62BD814F000D6876C /* HistoryData.swift in Sources */ = {isa = PBXBuildFile; fileRef = 18750DC52BD814F000D6876C /* HistoryData.swift */; };
		18750DC82BD816A700D6876C /* DataModel.swift in Sources */ = {isa = PBXBuildFile; fileRef = 18750DC72BD816A700D6876C /* DataModel.swift */; };
/* End PBXBuildFile section */

/* Begin PBXFileReference section */
		1815A30E2BDB7D06002D9831 /* LocationDataManager.swift */ = {isa = PBXFileReference; lastKnownFileType = sourcecode.swift; path = LocationDataManager.swift; sourceTree = "<group>"; };
		1815A3102BDB7E20002D9831 /* Info.plist */ = {isa = PBXFileReference; lastKnownFileType = text.plist; path = Info.plist; sourceTree = "<group>"; };
		18375B6E2BD8E2180017414E /* EarthquakeDetail.swift */ = {isa = PBXFileReference; lastKnownFileType = sourcecode.swift; path = EarthquakeDetail.swift; sourceTree = "<group>"; };
		18375B702BD8FFD40017414E /* EarthquakeRow.swift */ = {isa = PBXFileReference; lastKnownFileType = sourcecode.swift; path = EarthquakeRow.swift; sourceTree = "<group>"; };
		18750DAB2BD80C9B00D6876C /* gandizhen.app */ = {isa = PBXFileReference; explicitFileType = wrapper.application; includeInIndex = 0; path = gandizhen.app; sourceTree = BUILT_PRODUCTS_DIR; };
		18750DAE2BD80C9B00D6876C /* gandizhenApp.swift */ = {isa = PBXFileReference; lastKnownFileType = sourcecode.swift; path = gandizhenApp.swift; sourceTree = "<group>"; };
		18750DB02BD80C9B00D6876C /* ContentView.swift */ = {isa = PBXFileReference; lastKnownFileType = sourcecode.swift; path = ContentView.swift; sourceTree = "<group>"; };
		18750DB22BD80C9C00D6876C /* Assets.xcassets */ = {isa = PBXFileReference; lastKnownFileType = folder.assetcatalog; path = Assets.xcassets; sourceTree = "<group>"; };
		18750DB52BD80C9C00D6876C /* Preview Assets.xcassets */ = {isa = PBXFileReference; lastKnownFileType = folder.assetcatalog; path = "Preview Assets.xcassets"; sourceTree = "<group>"; };
		18750DC02BD8132A00D6876C /* CurrentView.swift */ = {isa = PBXFileReference; lastKnownFileType = sourcecode.swift; path = CurrentView.swift; sourceTree = "<group>"; };
		18750DC22BD8133C00D6876C /* HistoryVIew.swift */ = {isa = PBXFileReference; lastKnownFileType = sourcecode.swift; path = HistoryVIew.swift; sourceTree = "<group>"; };
		18750DC52BD814F000D6876C /* HistoryData.swift */ = {isa = PBXFileReference; lastKnownFileType = sourcecode.swift; path = HistoryData.swift; sourceTree = "<group>"; };
		18750DC72BD816A700D6876C /* DataModel.swift */ = {isa = PBXFileReference; lastKnownFileType = sourcecode.swift; path = DataModel.swift; sourceTree = "<group>"; };
/* End PBXFileReference section */

/* Begin PBXFrameworksBuildPhase section */
		18750DA82BD80C9B00D6876C /* Frameworks */ = {
			isa = PBXFrameworksBuildPhase;
			buildActionMask = 2147483647;
			files = (
			);
			runOnlyForDeploymentPostprocessing = 0;
		};
/* End PBXFrameworksBuildPhase section */

/* Begin PBXGroup section */
		18750DA22BD80C9B00D6876C = {
			isa = PBXGroup;
			children = (
				18750DAD2BD80C9B00D6876C /* gandizhen */,
				18750DAC2BD80C9B00D6876C /* Products */,
			);
			sourceTree = "<group>";
		};
		18750DAC2BD80C9B00D6876C /* Products */ = {
			isa = PBXGroup;
			children = (
				18750DAB2BD80C9B00D6876C /* gandizhen.app */,
			);
			name = Products;
			sourceTree = "<group>";
		};
		18750DAD2BD80C9B00D6876C /* gandizhen */ = {
			isa = PBXGroup;
			children = (
				1815A3102BDB7E20002D9831 /* Info.plist */,
				18750DC42BD814C900D6876C /* API */,
				18750DBF2BD8131300D6876C /* VIew */,
				18750DAE2BD80C9B00D6876C /* gandizhenApp.swift */,
				18750DB02BD80C9B00D6876C /* ContentView.swift */,
				18750DB22BD80C9C00D6876C /* Assets.xcassets */,
				18750DB42BD80C9C00D6876C /* Preview Content */,
			);
			path = gandizhen;
			sourceTree = "<group>";
		};
		18750DB42BD80C9C00D6876C /* Preview Content */ = {
			isa = PBXGroup;
			children = (
				18750DB52BD80C9C00D6876C /* Preview Assets.xcassets */,
			);
			path = "Preview Content";
			sourceTree = "<group>";
		};
		18750DBF2BD8131300D6876C /* VIew */ = {
			isa = PBXGroup;
			children = (
				18750DC02BD8132A00D6876C /* CurrentView.swift */,
				18750DC22BD8133C00D6876C /* HistoryVIew.swift */,
				18375B6E2BD8E2180017414E /* EarthquakeDetail.swift */,
				18375B702BD8FFD40017414E /* EarthquakeRow.swift */,
			);
			path = VIew;
			sourceTree = "<group>";
		};
		18750DC42BD814C900D6876C /* API */ = {
			isa = PBXGroup;
			children = (
				18750DC52BD814F000D6876C /* HistoryData.swift */,
				18750DC72BD816A700D6876C /* DataModel.swift */,
				1815A30E2BDB7D06002D9831 /* LocationDataManager.swift */,
			);
			path = API;
			sourceTree = "<group>";
		};
/* End PBXGroup section */

/* Begin PBXNativeTarget section */
		18750DAA2BD80C9B00D6876C /* gandizhen */ = {
			isa = PBXNativeTarget;
			buildConfigurationList = 18750DB92BD80C9C00D6876C /* Build configuration list for PBXNativeTarget "gandizhen" */;
			buildPhases = (
				18750DA72BD80C9B00D6876C /* Sources */,
				18750DA82BD80C9B00D6876C /* Frameworks */,
				18750DA92BD80C9B00D6876C /* Resources */,
			);
			buildRules = (
			);
			dependencies = (
			);
			name = gandizhen;
			packageProductDependencies = (
			);
			productName = gandizhen;
			productReference = 18750DAB2BD80C9B00D6876C /* gandizhen.app */;
			productType = "com.apple.product-type.application";
		};
/* End PBXNativeTarget section */

/* Begin PBXProject section */
		18750DA32BD80C9B00D6876C /* Project object */ = {
			isa = PBXProject;
			attributes = {
				BuildIndependentTargetsInParallel = 1;
				LastSwiftUpdateCheck = 1530;
				LastUpgradeCheck = 1530;
				TargetAttributes = {
					18750DAA2BD80C9B00D6876C = {
						CreatedOnToolsVersion = 15.3;
					};
				};
			};
			buildConfigurationList = 18750DA62BD80C9B00D6876C /* Build configuration list for PBXProject "gandizhen" */;
			compatibilityVersion = "Xcode 14.0";
			developmentRegion = en;
			hasScannedForEncodings = 0;
			knownRegions = (
				en,
				Base,
			);
			mainGroup = 18750DA22BD80C9B00D6876C;
			packageReferences = (
			);
			productRefGroup = 18750DAC2BD80C9B00D6876C /* Products */;
			projectDirPath = "";
			projectRoot = "";
			targets = (
				18750DAA2BD80C9B00D6876C /* gandizhen */,
			);
		};
/* End PBXProject section */

/* Begin PBXResourcesBuildPhase section */
		18750DA92BD80C9B00D6876C /* Resources */ = {
			isa = PBXResourcesBuildPhase;
			buildActionMask = 2147483647;
			files = (
				18750DB62BD80C9C00D6876C /* Preview Assets.xcassets in Resources */,
				18750DB32BD80C9C00D6876C /* Assets.xcassets in Resources */,
			);
			runOnlyForDeploymentPostprocessing = 0;
		};
/* End PBXResourcesBuildPhase section */

/* Begin PBXSourcesBuildPhase section */
		18750DA72BD80C9B00D6876C /* Sources */ = {
			isa = PBXSourcesBuildPhase;
			buildActionMask = 2147483647;
			files = (
				18750DB12BD80C9B00D6876C /* ContentView.swift in Sources */,
				18375B712BD8FFD40017414E /* EarthquakeRow.swift in Sources */,
				18750DC32BD8133C00D6876C /* HistoryVIew.swift in Sources */,
				18750DC12BD8132A00D6876C /* CurrentView.swift in Sources */,
				18750DC62BD814F000D6876C /* HistoryData.swift in Sources */,
				18750DAF2BD80C9B00D6876C /* gandizhenApp.swift in Sources */,
				18375B6F2BD8E2180017414E /* EarthquakeDetail.swift in Sources */,
				1815A30F2BDB7D06002D9831 /* LocationDataManager.swift in Sources */,
				18750DC82BD816A700D6876C /* DataModel.swift in Sources */,
			);
			runOnlyForDeploymentPostprocessing = 0;
		};
/* End PBXSourcesBuildPhase section */

/* Begin XCBuildConfiguration section */
		18750DB72BD80C9C00D6876C /* Debug */ = {
			isa = XCBuildConfiguration;
			buildSettings = {
				ALWAYS_SEARCH_USER_PATHS = NO;
				ASSETCATALOG_COMPILER_GENERATE_SWIFT_ASSET_SYMBOL_EXTENSIONS = YES;
				CLANG_ANALYZER_NONNULL = YES;
				CLANG_ANALYZER_NUMBER_OBJECT_CONVERSION = YES_AGGRESSIVE;
				CLANG_CXX_LANGUAGE_STANDARD = "gnu++20";
				CLANG_ENABLE_MODULES = YES;
				CLANG_ENABLE_OBJC_ARC = YES;
				CLANG_ENABLE_OBJC_WEAK = YES;
				CLANG_WARN_BLOCK_CAPTURE_AUTORELEASING = YES;
				CLANG_WARN_BOOL_CONVERSION = YES;
				CLANG_WARN_COMMA = YES;
				CLANG_WARN_CONSTANT_CONVERSION = YES;
				CLANG_WARN_DEPRECATED_OBJC_IMPLEMENTATIONS = YES;
				CLANG_WARN_DIRECT_OBJC_ISA_USAGE = YES_ERROR;
				CLANG_WARN_DOCUMENTATION_COMMENTS = YES;
				CLANG_WARN_EMPTY_BODY = YES;
				CLANG_WARN_ENUM_CONVERSION = YES;
				CLANG_WARN_INFINITE_RECURSION = YES;
				CLANG_WARN_INT_CONVERSION = YES;
				CLANG_WARN_NON_LITERAL_NULL_CONVERSION = YES;
				CLANG_WARN_OBJC_IMPLICIT_RETAIN_SELF = YES;
				CLANG_WARN_OBJC_LITERAL_CONVERSION = YES;
				CLANG_WARN_OBJC_ROOT_CLASS = YES_ERROR;
				CLANG_WARN_QUOTED_INCLUDE_IN_FRAMEWORK_HEADER = YES;
				CLANG_WARN_RANGE_LOOP_ANALYSIS = YES;
				CLANG_WARN_STRICT_PROTOTYPES = YES;
				CLANG_WARN_SUSPICIOUS_MOVE = YES;
				CLANG_WARN_UNGUARDED_AVAILABILITY = YES_AGGRESSIVE;
				CLANG_WARN_UNREACHABLE_CODE = YES;
				CLANG_WARN__DUPLICATE_METHOD_MATCH = YES;
				COPY_PHASE_STRIP = NO;
				DEBUG_INFORMATION_FORMAT = dwarf;
				ENABLE_STRICT_OBJC_MSGSEND = YES;
				ENABLE_TESTABILITY = YES;
				ENABLE_USER_SCRIPT_SANDBOXING = YES;
				GCC_C_LANGUAGE_STANDARD = gnu17;
				GCC_DYNAMIC_NO_PIC = NO;
				GCC_NO_COMMON_BLOCKS = YES;
				GCC_OPTIMIZATION_LEVEL = 0;
				GCC_PREPROCESSOR_DEFINITIONS = (
					"DEBUG=1",
					"$(inherited)",
				);
				GCC_WARN_64_TO_32_BIT_CONVERSION = YES;
				GCC_WARN_ABOUT_RETURN_TYPE = YES_ERROR;
				GCC_WARN_UNDECLARED_SELECTOR = YES;
				GCC_WARN_UNINITIALIZED_AUTOS = YES_AGGRESSIVE;
				GCC_WARN_UNUSED_FUNCTION = YES;
				GCC_WARN_UNUSED_VARIABLE = YES;
				IPHONEOS_DEPLOYMENT_TARGET = 17.4;
				LOCALIZATION_PREFERS_STRING_CATALOGS = YES;
				MTL_ENABLE_DEBUG_INFO = INCLUDE_SOURCE;
				MTL_FAST_MATH = YES;
				ONLY_ACTIVE_ARCH = YES;
				SDKROOT = iphoneos;
				SWIFT_ACTIVE_COMPILATION_CONDITIONS = "DEBUG $(inherited)";
				SWIFT_OPTIMIZATION_LEVEL = "-Onone";
			};
			name = Debug;
		};
		18750DB82BD80C9C00D6876C /* Release */ = {
			isa = XCBuildConfiguration;
			buildSettings = {
				ALWAYS_SEARCH_USER_PATHS = NO;
				ASSETCATALOG_COMPILER_GENERATE_SWIFT_ASSET_SYMBOL_EXTENSIONS = YES;
				CLANG_ANALYZER_NONNULL = YES;
				CLANG_ANALYZER_NUMBER_OBJECT_CONVERSION = YES_AGGRESSIVE;
				CLANG_CXX_LANGUAGE_STANDARD = "gnu++20";
				CLANG_ENABLE_MODULES = YES;
				CLANG_ENABLE_OBJC_ARC = YES;
				CLANG_ENABLE_OBJC_WEAK = YES;
				CLANG_WARN_BLOCK_CAPTURE_AUTORELEASING = YES;
				CLANG_WARN_BOOL_CONVERSION = YES;
				CLANG_WARN_COMMA = YES;
				CLANG_WARN_CONSTANT_CONVERSION = YES;
				CLANG_WARN_DEPRECATED_OBJC_IMPLEMENTATIONS = YES;
				CLANG_WARN_DIRECT_OBJC_ISA_USAGE = YES_ERROR;
				CLANG_WARN_DOCUMENTATION_COMMENTS = YES;
				CLANG_WARN_EMPTY_BODY = YES;
				CLANG_WARN_ENUM_CONVERSION = YES;
				CLANG_WARN_INFINITE_RECURSION = YES;
				CLANG_WARN_INT_CONVERSION = YES;
				CLANG_WARN_NON_LITERAL_NULL_CONVERSION = YES;
				CLANG_WARN_OBJC_IMPLICIT_RETAIN_SELF = YES;
				CLANG_WARN_OBJC_LITERAL_CONVERSION = YES;
				CLANG_WARN_OBJC_ROOT_CLASS = YES_ERROR;
				CLANG_WARN_QUOTED_INCLUDE_IN_FRAMEWORK_HEADER = YES;
				CLANG_WARN_RANGE_LOOP_ANALYSIS = YES;
				CLANG_WARN_STRICT_PROTOTYPES = YES;
				CLANG_WARN_SUSPICIOUS_MOVE = YES;
				CLANG_WARN_UNGUARDED_AVAILABILITY = YES_AGGRESSIVE;
				CLANG_WARN_UNREACHABLE_CODE = YES;
				CLANG_WARN__DUPLICATE_METHOD_MATCH = YES;
				COPY_PHASE_STRIP = NO;
				DEBUG_INFORMATION_FORMAT = "dwarf-with-dsym";
				ENABLE_NS_ASSERTIONS = NO;
				ENABLE_STRICT_OBJC_MSGSEND = YES;
				ENABLE_USER_SCRIPT_SANDBOXING = YES;
				GCC_C_LANGUAGE_STANDARD = gnu17;
				GCC_NO_COMMON_BLOCKS = YES;
				GCC_WARN_64_TO_32_BIT_CONVERSION = YES;
				GCC_WARN_ABOUT_RETURN_TYPE = YES_ERROR;
				GCC_WARN_UNDECLARED_SELECTOR = YES;
				GCC_WARN_UNINITIALIZED_AUTOS = YES_AGGRESSIVE;
				GCC_WARN_UNUSED_FUNCTION = YES;
				GCC_WARN_UNUSED_VARIABLE = YES;
				IPHONEOS_DEPLOYMENT_TARGET = 17.4;
				LOCALIZATION_PREFERS_STRING_CATALOGS = YES;
				MTL_ENABLE_DEBUG_INFO = NO;
				MTL_FAST_MATH = YES;
				SDKROOT = iphoneos;
				SWIFT_COMPILATION_MODE = wholemodule;
				VALIDATE_PRODUCT = YES;
			};
			name = Release;
		};
		18750DBA2BD80C9C00D6876C /* Debug */ = {
			isa = XCBuildConfiguration;
			buildSettings = {
				ASSETCATALOG_COMPILER_APPICON_NAME = AppIcon;
				ASSETCATALOG_COMPILER_GLOBAL_ACCENT_COLOR_NAME = AccentColor;
				CODE_SIGN_STYLE = Automatic;
				CURRENT_PROJECT_VERSION = 1;
				DEVELOPMENT_ASSET_PATHS = "\"gandizhen/Preview Content\"";
				DEVELOPMENT_TEAM = J7DG8X424B;
				ENABLE_PREVIEWS = YES;
				GENERATE_INFOPLIST_FILE = YES;
				INFOPLIST_FILE = gandizhen/Info.plist;
				INFOPLIST_KEY_NSLocationWhenInUseUsageDescription = "Just give me your location";
				INFOPLIST_KEY_UIApplicationSceneManifest_Generation = YES;
				INFOPLIST_KEY_UIApplicationSupportsIndirectInputEvents = YES;
				INFOPLIST_KEY_UILaunchScreen_Generation = YES;
				INFOPLIST_KEY_UISupportedInterfaceOrientations_iPad = "UIInterfaceOrientationPortrait UIInterfaceOrientationPortraitUpsideDown UIInterfaceOrientationLandscapeLeft UIInterfaceOrientationLandscapeRight";
				INFOPLIST_KEY_UISupportedInterfaceOrientations_iPhone = "UIInterfaceOrientationPortrait UIInterfaceOrientationLandscapeLeft UIInterfaceOrientationLandscapeRight";
				LD_RUNPATH_SEARCH_PATHS = (
					"$(inherited)",
					"@executable_path/Frameworks",
				);
				MARKETING_VERSION = 1.0;
				PRODUCT_BUNDLE_IDENTIFIER = cantpr09ram.gandizhen;
				PRODUCT_NAME = "$(TARGET_NAME)";
				SWIFT_EMIT_LOC_STRINGS = YES;
				SWIFT_VERSION = 5.0;
				TARGETED_DEVICE_FAMILY = "1,2";
			};
			name = Debug;
		};
		18750DBB2BD80C9C00D6876C /* Release */ = {
			isa = XCBuildConfiguration;
			buildSettings = {
				ASSETCATALOG_COMPILER_APPICON_NAME = AppIcon;
				ASSETCATALOG_COMPILER_GLOBAL_ACCENT_COLOR_NAME = AccentColor;
				CODE_SIGN_STYLE = Automatic;
				CURRENT_PROJECT_VERSION = 1;
				DEVELOPMENT_ASSET_PATHS = "\"gandizhen/Preview Content\"";
				DEVELOPMENT_TEAM = J7DG8X424B;
				ENABLE_PREVIEWS = YES;
				GENERATE_INFOPLIST_FILE = YES;
				INFOPLIST_FILE = gandizhen/Info.plist;
				INFOPLIST_KEY_NSLocationWhenInUseUsageDescription = "Just give me your location";
				INFOPLIST_KEY_UIApplicationSceneManifest_Generation = YES;
				INFOPLIST_KEY_UIApplicationSupportsIndirectInputEvents = YES;
				INFOPLIST_KEY_UILaunchScreen_Generation = YES;
				INFOPLIST_KEY_UISupportedInterfaceOrientations_iPad = "UIInterfaceOrientationPortrait UIInterfaceOrientationPortraitUpsideDown UIInterfaceOrientationLandscapeLeft UIInterfaceOrientationLandscapeRight";
				INFOPLIST_KEY_UISupportedInterfaceOrientations_iPhone = "UIInterfaceOrientationPortrait UIInterfaceOrientationLandscapeLeft UIInterfaceOrientationLandscapeRight";
				LD_RUNPATH_SEARCH_PATHS = (
					"$(inherited)",
					"@executable_path/Frameworks",
				);
				MARKETING_VERSION = 1.0;
				PRODUCT_BUNDLE_IDENTIFIER = cantpr09ram.gandizhen;
				PRODUCT_NAME = "$(TARGET_NAME)";
				SWIFT_EMIT_LOC_STRINGS = YES;
				SWIFT_VERSION = 5.0;
				TARGETED_DEVICE_FAMILY = "1,2";
			};
			name = Release;
		};
/* End XCBuildConfiguration section */

/* Begin XCConfigurationList section */
		18750DA62BD80C9B00D6876C /* Build configuration list for PBXProject "gandizhen" */ = {
			isa = XCConfigurationList;
			buildConfigurations = (
				18750DB72BD80C9C00D6876C /* Debug */,
				18750DB82BD80C9C00D6876C /* Release */,
			);
			defaultConfigurationIsVisible = 0;
			defaultConfigurationName = Release;
		};
		18750DB92BD80C9C00D6876C /* Build configuration list for PBXNativeTarget "gandizhen" */ = {
			isa = XCConfigurationList;
			buildConfigurations = (
				18750DBA2BD80C9C00D6876C /* Debug */,
				18750DBB2BD80C9C00D6876C /* Release */,
			);
			defaultConfigurationIsVisible = 0;
			defaultConfigurationName = Release;
		};
/* End XCConfigurationList section */
	};
	rootObject = 18750DA32BD80C9B00D6876C /* Project object */;
}
